// !$*UTF8*$!
{
	archiveVersion = 1;
	classes = {
	};
	objectVersion = 50;
	objects = {

/* Begin PBXBuildFile section */
		CCFBE1FB22D3E46D00C87E8C /* AppDelegate.swift in Sources */ = {isa = PBXBuildFile; fileRef = CCFBE1FA22D3E46D00C87E8C /* AppDelegate.swift */; };
		CCFBE1FD22D3E46D00C87E8C /* ViewController.swift in Sources */ = {isa = PBXBuildFile; fileRef = CCFBE1FC22D3E46D00C87E8C /* ViewController.swift */; };
		CCFBE20022D3E46D00C87E8C /* Main.storyboard in Resources */ = {isa = PBXBuildFile; fileRef = CCFBE1FE22D3E46D00C87E8C /* Main.storyboard */; };
		CCFBE20222D3E46E00C87E8C /* Assets.xcassets in Resources */ = {isa = PBXBuildFile; fileRef = CCFBE20122D3E46E00C87E8C /* Assets.xcassets */; };
		CCFBE20522D3E46E00C87E8C /* LaunchScreen.storyboard in Resources */ = {isa = PBXBuildFile; fileRef = CCFBE20322D3E46E00C87E8C /* LaunchScreen.storyboard */; };
/* End PBXBuildFile section */

/* Begin PBXFileReference section */
		CCFBE1F722D3E46D00C87E8C /* the office app :).app */ = {isa = PBXFileReference; explicitFileType = wrapper.application; includeInIndex = 0; path = "the office app :).app"; sourceTree = BUILT_PRODUCTS_DIR; };
		CCFBE1FA22D3E46D00C87E8C /* AppDelegate.swift */ = {isa = PBXFileReference; lastKnownFileType = sourcecode.swift; path = AppDelegate.swift; sourceTree = "<group>"; };
		CCFBE1FC22D3E46D00C87E8C /* ViewController.swift */ = {isa = PBXFileReference; lastKnownFileType = sourcecode.swift; path = ViewController.swift; sourceTree = "<group>"; };
		CCFBE1FF22D3E46D00C87E8C /* Base */ = {isa = PBXFileReference; lastKnownFileType = file.storyboard; name = Base; path = Base.lproj/Main.storyboard; sourceTree = "<group>"; };
		CCFBE20122D3E46E00C87E8C /* Assets.xcassets */ = {isa = PBXFileReference; lastKnownFileType = folder.assetcatalog; path = Assets.xcassets; sourceTree = "<group>"; };
		CCFBE20422D3E46E00C87E8C /* Base */ = {isa = PBXFileReference; lastKnownFileType = file.storyboard; name = Base; path = Base.lproj/LaunchScreen.storyboard; sourceTree = "<group>"; };
		CCFBE20622D3E46E00C87E8C /* Info.plist */ = {isa = PBXFileReference; lastKnownFileType = text.plist.xml; path = Info.plist; sourceTree = "<group>"; };
/* End PBXFileReference section */

/* Begin PBXFrameworksBuildPhase section */
		CCFBE1F422D3E46D00C87E8C /* Frameworks */ = {
			isa = PBXFrameworksBuildPhase;
			buildActionMask = 2147483647;
			files = (
			);
			runOnlyForDeploymentPostprocessing = 0;
		};
/* End PBXFrameworksBuildPhase section */

/* Begin PBXGroup section */
		CCFBE1EE22D3E46D00C87E8C = {
			isa = PBXGroup;
			children = (
				CCFBE1F922D3E46D00C87E8C /* the office app :) */,
				CCFBE1F822D3E46D00C87E8C /* Products */,
			);
			sourceTree = "<group>";
		};
		CCFBE1F822D3E46D00C87E8C /* Products */ = {
			isa = PBXGroup;
			children = (
				CCFBE1F722D3E46D00C87E8C /* the office app :).app */,
			);
			name = Products;
			sourceTree = "<group>";
		};
		CCFBE1F922D3E46D00C87E8C /* the office app :) */ = {
			isa = PBXGroup;
			children = (
				CCFBE1FA22D3E46D00C87E8C /* AppDelegate.swift */,
				CCFBE1FC22D3E46D00C87E8C /* ViewController.swift */,
				CCFBE1FE22D3E46D00C87E8C /* Main.storyboard */,
				CCFBE20122D3E46E00C87E8C /* Assets.xcassets */,
				CCFBE20322D3E46E00C87E8C /* LaunchScreen.storyboard */,
				CCFBE20622D3E46E00C87E8C /* Info.plist */,
			);
			path = "the office app :)";
			sourceTree = "<group>";
		};
/* End PBXGroup section */

/* Begin PBXNativeTarget section */
		CCFBE1F622D3E46D00C87E8C /* the office app :) */ = {
			isa = PBXNativeTarget;
			buildConfigurationList = CCFBE20922D3E46E00C87E8C /* Build configuration list for PBXNativeTarget "the office app :)" */;
			buildPhases = (
				CCFBE1F322D3E46D00C87E8C /* Sources */,
				CCFBE1F422D3E46D00C87E8C /* Frameworks */,
				CCFBE1F522D3E46D00C87E8C /* Resources */,
			);
			buildRules = (
			);
			dependencies = (
			);
			name = "the office app :)";
			productName = "the office app :)";
			productReference = CCFBE1F722D3E46D00C87E8C /* the office app :).app */;
			productType = "com.apple.product-type.application";
		};
/* End PBXNativeTarget section */

/* Begin PBXProject section */
		CCFBE1EF22D3E46D00C87E8C /* Project object */ = {
			isa = PBXProject;
			attributes = {
				LastSwiftUpdateCheck = 1020;
				LastUpgradeCheck = 1020;
				ORGANIZATIONNAME = GWC;
				TargetAttributes = {
					CCFBE1F622D3E46D00C87E8C = {
						CreatedOnToolsVersion = 10.2.1;
					};
				};
			};
			buildConfigurationList = CCFBE1F222D3E46D00C87E8C /* Build configuration list for PBXProject "the office app :)" */;
			compatibilityVersion = "Xcode 9.3";
			developmentRegion = en;
			hasScannedForEncodings = 0;
			knownRegions = (
				en,
				Base,
			);
			mainGroup = CCFBE1EE22D3E46D00C87E8C;
			productRefGroup = CCFBE1F822D3E46D00C87E8C /* Products */;
			projectDirPath = "";
			projectRoot = "";
			targets = (
				CCFBE1F622D3E46D00C87E8C /* the office app :) */,
			);
		};
/* End PBXProject section */

/* Begin PBXResourcesBuildPhase section */
		CCFBE1F522D3E46D00C87E8C /* Resources */ = {
			isa = PBXResourcesBuildPhase;
			buildActionMask = 2147483647;
			files = (
				CCFBE20522D3E46E00C87E8C /* LaunchScreen.storyboard in Resources */,
				CCFBE20222D3E46E00C87E8C /* Assets.xcassets in Resources */,
				CCFBE20022D3E46D00C87E8C /* Main.storyboard in Resources */,
			);
			runOnlyForDeploymentPostprocessing = 0;
		};
/* End PBXResourcesBuildPhase section */

/* Begin PBXSourcesBuildPhase section */
		CCFBE1F322D3E46D00C87E8C /* Sources */ = {
			isa = PBXSourcesBuildPhase;
			buildActionMask = 2147483647;
			files = (
				CCFBE1FD22D3E46D00C87E8C /* ViewController.swift in Sources */,
				CCFBE1FB22D3E46D00C87E8C /* AppDelegate.swift in Sources */,
			);
			runOnlyForDeploymentPostprocessing = 0;
		};
/* End PBXSourcesBuildPhase section */

/* Begin PBXVariantGroup section */
		CCFBE1FE22D3E46D00C87E8C /* Main.storyboard */ = {
			isa = PBXVariantGroup;
			children = (
				CCFBE1FF22D3E46D00C87E8C /* Base */,
			);
			name = Main.storyboard;
			sourceTree = "<group>";
		};
		CCFBE20322D3E46E00C87E8C /* LaunchScreen.storyboard */ = {
			isa = PBXVariantGroup;
			children = (
				CCFBE20422D3E46E00C87E8C /* Base */,
			);
			name = LaunchScreen.storyboard;
			sourceTree = "<group>";
		};
/* End PBXVariantGroup section */

/* Begin XCBuildConfiguration section */
		CCFBE20722D3E46E00C87E8C /* Debug */ = {
			isa = XCBuildConfiguration;
			buildSettings = {
				ALWAYS_SEARCH_USER_PATHS = NO;
				CLANG_ANALYZER_NONNULL = YES;
				CLANG_ANALYZER_NUMBER_OBJECT_CONVERSION = YES_AGGRESSIVE;
				CLANG_CXX_LANGUAGE_STANDARD = "gnu++14";
				CLANG_CXX_LIBRARY = "libc++";
				CLANG_ENABLE_MODULES = YES;
				CLANG_ENABLE_OBJC_ARC = YES;
				CLANG_ENABLE_OBJC_WEAK = YES;
				CLANG_WARN_BLOCK_CAPTURE_AUTORELEASING = YES;
				CLANG_WARN_BOOL_CONVERSION = YES;
				CLANG_WARN_COMMA = YES;
				CLANG_WARN_CONSTANT_CONVERSION = YES;
				CLANG_WARN_DEPRECATED_OBJC_IMPLEMENTATIONS = YES;
				CLANG_WARN_DIRECT_OBJC_ISA_USAGE = YES_ERROR;
				CLANG_WARN_DOCUMENTATION_COMMENTS = YES;
				CLANG_WARN_EMPTY_BODY = YES;
				CLANG_WARN_ENUM_CONVERSION = YES;
				CLANG_WARN_INFINITE_RECURSION = YES;
				CLANG_WARN_INT_CONVERSION = YES;
				CLANG_WARN_NON_LITERAL_NULL_CONVERSION = YES;
				CLANG_WARN_OBJC_IMPLICIT_RETAIN_SELF = YES;
				CLANG_WARN_OBJC_LITERAL_CONVERSION = YES;
				CLANG_WARN_OBJC_ROOT_CLASS = YES_ERROR;
				CLANG_WARN_RANGE_LOOP_ANALYSIS = YES;
				CLANG_WARN_STRICT_PROTOTYPES = YES;
				CLANG_WARN_SUSPICIOUS_MOVE = YES;
				CLANG_WARN_UNGUARDED_AVAILABILITY = YES_AGGRESSIVE;
				CLANG_WARN_UNREACHABLE_CODE = YES;
				CLANG_WARN__DUPLICATE_METHOD_MATCH = YES;
				CODE_SIGN_IDENTITY = "iPhone Developer";
				COPY_PHASE_STRIP = NO;
				DEBUG_INFORMATION_FORMAT = dwarf;
				ENABLE_STRICT_OBJC_MSGSEND = YES;
				ENABLE_TESTABILITY = YES;
				GCC_C_LANGUAGE_STANDARD = gnu11;
				GCC_DYNAMIC_NO_PIC = NO;
				GCC_NO_COMMON_BLOCKS = YES;
				GCC_OPTIMIZATION_LEVEL = 0;
				GCC_PREPROCESSOR_DEFINITIONS = (
					"DEBUG=1",
					"$(inherited)",
				);
				GCC_WARN_64_TO_32_BIT_CONVERSION = YES;
				GCC_WARN_ABOUT_RETURN_TYPE = YES_ERROR;
				GCC_WARN_UNDECLARED_SELECTOR = YES;
				GCC_WARN_UNINITIALIZED_AUTOS = YES_AGGRESSIVE;
				GCC_WARN_UNUSED_FUNCTION = YES;
				GCC_WARN_UNUSED_VARIABLE = YES;
				IPHONEOS_DEPLOYMENT_TARGET = 12.2;
				MTL_ENABLE_DEBUG_INFO = INCLUDE_SOURCE;
				MTL_FAST_MATH = YES;
				ONLY_ACTIVE_ARCH = YES;
				SDKROOT = iphoneos;
				SWIFT_ACTIVE_COMPILATION_CONDITIONS = DEBUG;
				SWIFT_OPTIMIZATION_LEVEL = "-Onone";
			};
			name = Debug;
		};
		CCFBE20822D3E46E00C87E8C /* Release */ = {
			isa = XCBuildConfiguration;
			buildSettings = {
				ALWAYS_SEARCH_USER_PATHS = NO;
				CLANG_ANALYZER_NONNULL = YES;
				CLANG_ANALYZER_NUMBER_OBJECT_CONVERSION = YES_AGGRESSIVE;
				CLANG_CXX_LANGUAGE_STANDARD = "gnu++14";
				CLANG_CXX_LIBRARY = "libc++";
				CLANG_ENABLE_MODULES = YES;
				CLANG_ENABLE_OBJC_ARC = YES;
				CLANG_ENABLE_OBJC_WEAK = YES;
				CLANG_WARN_BLOCK_CAPTURE_AUTORELEASING = YES;
				CLANG_WARN_BOOL_CONVERSION = YES;
				CLANG_WARN_COMMA = YES;
				CLANG_WARN_CONSTANT_CONVERSION = YES;
				CLANG_WARN_DEPRECATED_OBJC_IMPLEMENTATIONS = YES;
				CLANG_WARN_DIRECT_OBJC_ISA_USAGE = YES_ERROR;
				CLANG_WARN_DOCUMENTATION_COMMENTS = YES;
				CLANG_WARN_EMPTY_BODY = YES;
				CLANG_WARN_ENUM_CONVERSION = YES;
				CLANG_WARN_INFINITE_RECURSION = YES;
				CLANG_WARN_INT_CONVERSION = YES;
				CLANG_WARN_NON_LITERAL_NULL_CONVERSION = YES;
				CLANG_WARN_OBJC_IMPLICIT_RETAIN_SELF = YES;
				CLANG_WARN_OBJC_LITERAL_CONVERSION = YES;
				CLANG_WARN_OBJC_ROOT_CLASS = YES_ERROR;
				CLANG_WARN_RANGE_LOOP_ANALYSIS = YES;
				CLANG_WARN_STRICT_PROTOTYPES = YES;
				CLANG_WARN_SUSPICIOUS_MOVE = YES;
				CLANG_WARN_UNGUARDED_AVAILABILITY = YES_AGGRESSIVE;
				CLANG_WARN_UNREACHABLE_CODE = YES;
				CLANG_WARN__DUPLICATE_METHOD_MATCH = YES;
				CODE_SIGN_IDENTITY = "iPhone Developer";
				COPY_PHASE_STRIP = NO;
				DEBUG_INFORMATION_FORMAT = "dwarf-with-dsym";
				ENABLE_NS_ASSERTIONS = NO;
				ENABLE_STRICT_OBJC_MSGSEND = YES;
				GCC_C_LANGUAGE_STANDARD = gnu11;
				GCC_NO_COMMON_BLOCKS = YES;
				GCC_WARN_64_TO_32_BIT_CONVERSION = YES;
				GCC_WARN_ABOUT_RETURN_TYPE = YES_ERROR;
				GCC_WARN_UNDECLARED_SELECTOR = YES;
				GCC_WARN_UNINITIALIZED_AUTOS = YES_AGGRESSIVE;
				GCC_WARN_UNUSED_FUNCTION = YES;
				GCC_WARN_UNUSED_VARIABLE = YES;
				IPHONEOS_DEPLOYMENT_TARGET = 12.2;
				MTL_ENABLE_DEBUG_INFO = NO;
				MTL_FAST_MATH = YES;
				SDKROOT = iphoneos;
				SWIFT_COMPILATION_MODE = wholemodule;
				SWIFT_OPTIMIZATION_LEVEL = "-O";
				VALIDATE_PRODUCT = YES;
			};
			name = Release;
		};
		CCFBE20A22D3E46E00C87E8C /* Debug */ = {
			isa = XCBuildConfiguration;
			buildSettings = {
				ASSETCATALOG_COMPILER_APPICON_NAME = AppIcon;
				CODE_SIGN_STYLE = Automatic;
				DEVELOPMENT_TEAM = YHA822F7MM;
				INFOPLIST_FILE = "the office app :)/Info.plist";
				LD_RUNPATH_SEARCH_PATHS = (
					"$(inherited)",
					"@executable_path/Frameworks",
				);
				PRODUCT_BUNDLE_IDENTIFIER = "com.marleyvilla.com.the-office-app---";
				PRODUCT_NAME = "$(TARGET_NAME)";
				SWIFT_VERSION = 5.0;
				TARGETED_DEVICE_FAMILY = "1,2";
			};
			name = Debug;
		};
		CCFBE20B22D3E46E00C87E8C /* Release */ = {
			isa = XCBuildConfiguration;
			buildSettings = {
				ASSETCATALOG_COMPILER_APPICON_NAME = AppIcon;
				CODE_SIGN_STYLE = Automatic;
				DEVELOPMENT_TEAM = YHA822F7MM;
				INFOPLIST_FILE = "the office app :)/Info.plist";
				LD_RUNPATH_SEARCH_PATHS = (
					"$(inherited)",
					"@executable_path/Frameworks",
				);
				PRODUCT_BUNDLE_IDENTIFIER = "com.marleyvilla.com.the-office-app---";
				PRODUCT_NAME = "$(TARGET_NAME)";
				SWIFT_VERSION = 5.0;
				TARGETED_DEVICE_FAMILY = "1,2";
			};
			name = Release;
		};
/* End XCBuildConfiguration section */

/* Begin XCConfigurationList section */
		CCFBE1F222D3E46D00C87E8C /* Build configuration list for PBXProject "the office app :)" */ = {
			isa = XCConfigurationList;
			buildConfigurations = (
				CCFBE20722D3E46E00C87E8C /* Debug */,
				CCFBE20822D3E46E00C87E8C /* Release */,
			);
			defaultConfigurationIsVisible = 0;
			defaultConfigurationName = Release;
		};
		CCFBE20922D3E46E00C87E8C /* Build configuration list for PBXNativeTarget "the office app :)" */ = {
			isa = XCConfigurationList;
			buildConfigurations = (
				CCFBE20A22D3E46E00C87E8C /* Debug */,
				CCFBE20B22D3E46E00C87E8C /* Release */,
			);
			defaultConfigurationIsVisible = 0;
			defaultConfigurationName = Release;
		};
/* End XCConfigurationList section */
	};
	rootObject = CCFBE1EF22D3E46D00C87E8C /* Project object */;
}
